
Microsoft Visual Studio Solution File, Format Version 12.00
# Visual Studio Version 17
VisualStudioVersion = 17.5.33502.453
MinimumVisualStudioVersion = 10.0.40219.1
Project("{9A19103F-16F7-4668-BE54-9A1E7A4F7556}") = "RabbitMQ.Consumer", "..\RabnitMQ.Consumer\RabnitMQ.Consumer\RabbitMQ.Consumer.csproj", "{AF0AFABC-CEBF-4730-AFA9-74086C41AFB4}"
EndProject
Project("{9A19103F-16F7-4668-BE54-9A1E7A4F7556}") = "RabbitMQ.Publisher", "..\RabbitMQ.Publisher\RabbitMQ.Publisher\RabbitMQ.Publisher.csproj", "{1E7BB36A-77A1-4476-B4E1-7981597140F9}"
EndProject
Global
	GlobalSection(SolutionConfigurationPlatforms) = preSolution
		Debug|Any CPU = Debug|Any CPU
		Release|Any CPU = Release|Any CPU
	EndGlobalSection
	GlobalSection(ProjectConfigurationPlatforms) = postSolution
		{AF0AFABC-CEBF-4730-AFA9-74086C41AFB4}.Debug|Any CPU.ActiveCfg = Debug|Any CPU
		{AF0AFABC-CEBF-4730-AFA9-74086C41AFB4}.Debug|Any CPU.Build.0 = Debug|Any CPU
		{AF0AFABC-CEBF-4730-AFA9-74086C41AFB4}.Release|Any CPU.ActiveCfg = Release|Any CPU
		{AF0AFABC-CEBF-4730-AFA9-74086C41AFB4}.Release|Any CPU.Build.0 = Release|Any CPU
		{1E7BB36A-77A1-4476-B4E1-7981597140F9}.Debug|Any CPU.ActiveCfg = Debug|Any CPU
		{1E7BB36A-77A1-4476-B4E1-7981597140F9}.Debug|Any CPU.Build.0 = Debug|Any CPU
		{1E7BB36A-77A1-4476-B4E1-7981597140F9}.Release|Any CPU.ActiveCfg = Release|Any CPU
		{1E7BB36A-77A1-4476-B4E1-7981597140F9}.Release|Any CPU.Build.0 = Release|Any CPU
	EndGlobalSection
	GlobalSection(SolutionProperties) = preSolution
		HideSolutionNode = FALSE
	EndGlobalSection
	GlobalSection(ExtensibilityGlobals) = postSolution
		SolutionGuid = {7B53C760-1871-46A2-94B3-BBBF12859768}
	EndGlobalSection
EndGlobal
